
Microsoft Visual Studio Solution File, Format Version 12.00
# Visual Studio Version 17
VisualStudioVersion = 17.9.34616.47
MinimumVisualStudioVersion = 10.0.40219.1
Project("{FAE04EC0-301F-11D3-BF4B-00C04F79EFBC}") = "presentacion", "presentacion\presentacion.csproj", "{1AF8612F-7D59-469E-B8E3-C64859F059E8}"
EndProject
Project("{FAE04EC0-301F-11D3-BF4B-00C04F79EFBC}") = "dominio", "dominio\dominio.csproj", "{E15D7EE8-C7F4-4B1A-8886-84B8D10D00EE}"
EndProject
Project("{FAE04EC0-301F-11D3-BF4B-00C04F79EFBC}") = "negocio", "negocio\negocio.csproj", "{73C249E2-5973-4576-BCE8-0B798AF38A84}"
EndProject
Global
	GlobalSection(SolutionConfigurationPlatforms) = preSolution
		Debug|Any CPU = Debug|Any CPU
		Release|Any CPU = Release|Any CPU
	EndGlobalSection
	GlobalSection(ProjectConfigurationPlatforms) = postSolution
		{1AF8612F-7D59-469E-B8E3-C64859F059E8}.Debug|Any CPU.ActiveCfg = Debug|Any CPU
		{1AF8612F-7D59-469E-B8E3-C64859F059E8}.Debug|Any CPU.Build.0 = Debug|Any CPU
		{1AF8612F-7D59-469E-B8E3-C64859F059E8}.Release|Any CPU.ActiveCfg = Release|Any CPU
		{1AF8612F-7D59-469E-B8E3-C64859F059E8}.Release|Any CPU.Build.0 = Release|Any CPU
		{E15D7EE8-C7F4-4B1A-8886-84B8D10D00EE}.Debug|Any CPU.ActiveCfg = Debug|Any CPU
		{E15D7EE8-C7F4-4B1A-8886-84B8D10D00EE}.Debug|Any CPU.Build.0 = Debug|Any CPU
		{E15D7EE8-C7F4-4B1A-8886-84B8D10D00EE}.Release|Any CPU.ActiveCfg = Release|Any CPU
		{E15D7EE8-C7F4-4B1A-8886-84B8D10D00EE}.Release|Any CPU.Build.0 = Release|Any CPU
		{73C249E2-5973-4576-BCE8-0B798AF38A84}.Debug|Any CPU.ActiveCfg = Debug|Any CPU
		{73C249E2-5973-4576-BCE8-0B798AF38A84}.Debug|Any CPU.Build.0 = Debug|Any CPU
		{73C249E2-5973-4576-BCE8-0B798AF38A84}.Release|Any CPU.ActiveCfg = Release|Any CPU
		{73C249E2-5973-4576-BCE8-0B798AF38A84}.Release|Any CPU.Build.0 = Release|Any CPU
	EndGlobalSection
	GlobalSection(SolutionProperties) = preSolution
		HideSolutionNode = FALSE
	EndGlobalSection
	GlobalSection(ExtensibilityGlobals) = postSolution
		SolutionGuid = {6EBCC128-BC5B-4268-95AA-2F292519E335}
	EndGlobalSection
EndGlobal
